
Microsoft Visual Studio Solution File, Format Version 12.00
# Visual Studio Version 17
VisualStudioVersion = 17.9.34714.143
MinimumVisualStudioVersion = 10.0.40219.1
Project("{FAE04EC0-301F-11D3-BF4B-00C04F79EFBC}") = "ControlService", "ControlService\ControlService.csproj", "{52BC6772-A2C7-44D5-AE99-042E0005D006}"
EndProject
Global
	GlobalSection(SolutionConfigurationPlatforms) = preSolution
		Debug|Any CPU = Debug|Any CPU
		Release|Any CPU = Release|Any CPU
	EndGlobalSection
	GlobalSection(ProjectConfigurationPlatforms) = postSolution
		{52BC6772-A2C7-44D5-AE99-042E0005D006}.Debug|Any CPU.ActiveCfg = Debug|Any CPU
		{52BC6772-A2C7-44D5-AE99-042E0005D006}.Debug|Any CPU.Build.0 = Debug|Any CPU
		{52BC6772-A2C7-44D5-AE99-042E0005D006}.Release|Any CPU.ActiveCfg = Release|Any CPU
		{52BC6772-A2C7-44D5-AE99-042E0005D006}.Release|Any CPU.Build.0 = Release|Any CPU
	EndGlobalSection
	GlobalSection(SolutionProperties) = preSolution
		HideSolutionNode = FALSE
	EndGlobalSection
	GlobalSection(ExtensibilityGlobals) = postSolution
		SolutionGuid = {28383EE6-1AB4-4693-8121-50D52A61B9C8}
	EndGlobalSection
EndGlobal
